{
  "originHash" : "e59bf85859cd21f95a3fc8f6aae01e886b3a1e662dd61d28bea773cb0e5c8d70",
  "pins" : [
    {
      "identity" : "customalert",
      "kind" : "remoteSourceControl",
      "location" : "https://github.com/divadretlaw/CustomAlert.git",
      "state" : {
        "revision" : "ff08e145381e51cc1bb03a3bec049320d0340537",
        "version" : "3.2.0"
      }
    },
    {
      "identity" : "lottie-ios",
      "kind" : "remoteSourceControl",
      "location" : "https://github.com/airbnb/lottie-ios",
      "state" : {
        "revision" : "7fe8b6f697ae7db4bf0df270119592cb5d502848",
        "version" : "4.4.1"
      }
    },
    {
      "identity" : "windowkit",
      "kind" : "remoteSourceControl",
      "location" : "https://github.com/divadretlaw/WindowKit",
      "state" : {
        "revision" : "b755f5147c4c80203710efe5abdb0732e89eda74",
        "version" : "1.2.1"
      }
    },
    {
      "identity" : "windowreader",
      "kind" : "remoteSourceControl",
      "location" : "https://github.com/divadretlaw/WindowReader",
      "state" : {
        "revision" : "03c1db131e860315721e71501bb056c08c9c0153",
        "version" : "1.3.0"
      }
    },
    {
      "identity" : "windowscenereader",
      "kind" : "remoteSourceControl",
      "location" : "https://github.com/divadretlaw/WindowSceneReader",
      "state" : {
        "revision" : "5f66d4d5eec1ee6a0d2ea14bb17007b5625bf10d",
        "version" : "2.2.0"
      }
    }
  ],
  "version" : 3
}
